// !$*UTF8*$!
{
	archiveVersion = 1;
	classes = {
	};
	objectVersion = 56;
	objects = {

/* Begin PBXBuildFile section */
		7231C0D92BD47428005892FA /* Pelette.swift in Sources */ = {isa = PBXBuildFile; fileRef = 7231C0D82BD47428005892FA /* Pelette.swift */; };
		7231C0DB2BD475F4005892FA /* PaletteStore.swift in Sources */ = {isa = PBXBuildFile; fileRef = 7231C0DA2BD475F4005892FA /* PaletteStore.swift */; };
		7231C0DD2BD478E3005892FA /* PaletteChooser.swift in Sources */ = {isa = PBXBuildFile; fileRef = 7231C0DC2BD478E3005892FA /* PaletteChooser.swift */; };
		7231C0DF2BD5B121005892FA /* PaletteEditor.swift in Sources */ = {isa = PBXBuildFile; fileRef = 7231C0DE2BD5B121005892FA /* PaletteEditor.swift */; };
		725292062BD15D4E00DB1EE3 /* Emoji_ArtApp.swift in Sources */ = {isa = PBXBuildFile; fileRef = 725292052BD15D4E00DB1EE3 /* Emoji_ArtApp.swift */; };
		725292082BD15D4E00DB1EE3 /* ContentView.swift in Sources */ = {isa = PBXBuildFile; fileRef = 725292072BD15D4E00DB1EE3 /* ContentView.swift */; };
		7252920A2BD15D5300DB1EE3 /* Assets.xcassets in Resources */ = {isa = PBXBuildFile; fileRef = 725292092BD15D5300DB1EE3 /* Assets.xcassets */; };
		7252920D2BD15D5300DB1EE3 /* Preview Assets.xcassets in Resources */ = {isa = PBXBuildFile; fileRef = 7252920C2BD15D5300DB1EE3 /* Preview Assets.xcassets */; };
		725292142BD15DEF00DB1EE3 /* EmojiArt.swift in Sources */ = {isa = PBXBuildFile; fileRef = 725292132BD15DEF00DB1EE3 /* EmojiArt.swift */; };
		725292162BD15F0C00DB1EE3 /* EmojiArtDocument.swift in Sources */ = {isa = PBXBuildFile; fileRef = 725292152BD15F0C00DB1EE3 /* EmojiArtDocument.swift */; };
		725292182BD1604800DB1EE3 /* EmojiArtDocumentView.swift in Sources */ = {isa = PBXBuildFile; fileRef = 725292172BD1604800DB1EE3 /* EmojiArtDocumentView.swift */; };
		7252921C2BD16D2500DB1EE3 /* Extensions.swift in Sources */ = {isa = PBXBuildFile; fileRef = 7252921B2BD16D2500DB1EE3 /* Extensions.swift */; };
		7252921E2BD1BAEA00DB1EE3 /* Sturldata.swift in Sources */ = {isa = PBXBuildFile; fileRef = 7252921D2BD1BAEA00DB1EE3 /* Sturldata.swift */; };
/* End PBXBuildFile section */

/* Begin PBXFileReference section */
		7231C0D82BD47428005892FA /* Pelette.swift */ = {isa = PBXFileReference; lastKnownFileType = sourcecode.swift; path = Pelette.swift; sourceTree = "<group>"; };
		7231C0DA2BD475F4005892FA /* PaletteStore.swift */ = {isa = PBXFileReference; lastKnownFileType = sourcecode.swift; path = PaletteStore.swift; sourceTree = "<group>"; };
		7231C0DC2BD478E3005892FA /* PaletteChooser.swift */ = {isa = PBXFileReference; lastKnownFileType = sourcecode.swift; path = PaletteChooser.swift; sourceTree = "<group>"; };
		7231C0DE2BD5B121005892FA /* PaletteEditor.swift */ = {isa = PBXFileReference; lastKnownFileType = sourcecode.swift; path = PaletteEditor.swift; sourceTree = "<group>"; };
		725292022BD15D4E00DB1EE3 /* Emoji Art.app */ = {isa = PBXFileReference; explicitFileType = wrapper.application; includeInIndex = 0; path = "Emoji Art.app"; sourceTree = BUILT_PRODUCTS_DIR; };
		725292052BD15D4E00DB1EE3 /* Emoji_ArtApp.swift */ = {isa = PBXFileReference; lastKnownFileType = sourcecode.swift; path = Emoji_ArtApp.swift; sourceTree = "<group>"; };
		725292072BD15D4E00DB1EE3 /* ContentView.swift */ = {isa = PBXFileReference; lastKnownFileType = sourcecode.swift; path = ContentView.swift; sourceTree = "<group>"; };
		725292092BD15D5300DB1EE3 /* Assets.xcassets */ = {isa = PBXFileReference; lastKnownFileType = folder.assetcatalog; path = Assets.xcassets; sourceTree = "<group>"; };
		7252920C2BD15D5300DB1EE3 /* Preview Assets.xcassets */ = {isa = PBXFileReference; lastKnownFileType = folder.assetcatalog; path = "Preview Assets.xcassets"; sourceTree = "<group>"; };
		725292132BD15DEF00DB1EE3 /* EmojiArt.swift */ = {isa = PBXFileReference; lastKnownFileType = sourcecode.swift; path = EmojiArt.swift; sourceTree = "<group>"; };
		725292152BD15F0C00DB1EE3 /* EmojiArtDocument.swift */ = {isa = PBXFileReference; lastKnownFileType = sourcecode.swift; path = EmojiArtDocument.swift; sourceTree = "<group>"; };
		725292172BD1604800DB1EE3 /* EmojiArtDocumentView.swift */ = {isa = PBXFileReference; lastKnownFileType = sourcecode.swift; path = EmojiArtDocumentView.swift; sourceTree = "<group>"; };
		7252921B2BD16D2500DB1EE3 /* Extensions.swift */ = {isa = PBXFileReference; fileEncoding = 4; lastKnownFileType = sourcecode.swift; path = Extensions.swift; sourceTree = "<group>"; };
		7252921D2BD1BAEA00DB1EE3 /* Sturldata.swift */ = {isa = PBXFileReference; fileEncoding = 4; lastKnownFileType = sourcecode.swift; path = Sturldata.swift; sourceTree = "<group>"; };
/* End PBXFileReference section */

/* Begin PBXFrameworksBuildPhase section */
		725291FF2BD15D4E00DB1EE3 /* Frameworks */ = {
			isa = PBXFrameworksBuildPhase;
			buildActionMask = 2147483647;
			files = (
			);
			runOnlyForDeploymentPostprocessing = 0;
		};
/* End PBXFrameworksBuildPhase section */

/* Begin PBXGroup section */
		725291F92BD15D4E00DB1EE3 = {
			isa = PBXGroup;
			children = (
				725292042BD15D4E00DB1EE3 /* Emoji Art */,
				725292032BD15D4E00DB1EE3 /* Products */,
			);
			sourceTree = "<group>";
		};
		725292032BD15D4E00DB1EE3 /* Products */ = {
			isa = PBXGroup;
			children = (
				725292022BD15D4E00DB1EE3 /* Emoji Art.app */,
			);
			name = Products;
			sourceTree = "<group>";
		};
		725292042BD15D4E00DB1EE3 /* Emoji Art */ = {
			isa = PBXGroup;
			children = (
				725292052BD15D4E00DB1EE3 /* Emoji_ArtApp.swift */,
				725292072BD15D4E00DB1EE3 /* ContentView.swift */,
				725292132BD15DEF00DB1EE3 /* EmojiArt.swift */,
				725292152BD15F0C00DB1EE3 /* EmojiArtDocument.swift */,
				725292172BD1604800DB1EE3 /* EmojiArtDocumentView.swift */,
				7231C0D82BD47428005892FA /* Pelette.swift */,
				7231C0DA2BD475F4005892FA /* PaletteStore.swift */,
				7231C0DC2BD478E3005892FA /* PaletteChooser.swift */,
				7231C0DE2BD5B121005892FA /* PaletteEditor.swift */,
				7252921B2BD16D2500DB1EE3 /* Extensions.swift */,
				7252921D2BD1BAEA00DB1EE3 /* Sturldata.swift */,
				725292092BD15D5300DB1EE3 /* Assets.xcassets */,
				7252920B2BD15D5300DB1EE3 /* Preview Content */,
			);
			path = "Emoji Art";
			sourceTree = "<group>";
		};
		7252920B2BD15D5300DB1EE3 /* Preview Content */ = {
			isa = PBXGroup;
			children = (
				7252920C2BD15D5300DB1EE3 /* Preview Assets.xcassets */,
			);
			path = "Preview Content";
			sourceTree = "<group>";
		};
/* End PBXGroup section */

/* Begin PBXNativeTarget section */
		725292012BD15D4E00DB1EE3 /* Emoji Art */ = {
			isa = PBXNativeTarget;
			buildConfigurationList = 725292102BD15D5300DB1EE3 /* Build configuration list for PBXNativeTarget "Emoji Art" */;
			buildPhases = (
				725291FE2BD15D4E00DB1EE3 /* Sources */,
				725291FF2BD15D4E00DB1EE3 /* Frameworks */,
				725292002BD15D4E00DB1EE3 /* Resources */,
			);
			buildRules = (
			);
			dependencies = (
			);
			name = "Emoji Art";
			productName = "Emoji Art";
			productReference = 725292022BD15D4E00DB1EE3 /* Emoji Art.app */;
			productType = "com.apple.product-type.application";
		};
/* End PBXNativeTarget section */

/* Begin PBXProject section */
		725291FA2BD15D4E00DB1EE3 /* Project object */ = {
			isa = PBXProject;
			attributes = {
				BuildIndependentTargetsInParallel = 1;
				LastSwiftUpdateCheck = 1530;
				LastUpgradeCheck = 1530;
				TargetAttributes = {
					725292012BD15D4E00DB1EE3 = {
						CreatedOnToolsVersion = 15.3;
					};
				};
			};
			buildConfigurationList = 725291FD2BD15D4E00DB1EE3 /* Build configuration list for PBXProject "Emoji Art" */;
			compatibilityVersion = "Xcode 14.0";
			developmentRegion = en;
			hasScannedForEncodings = 0;
			knownRegions = (
				en,
				Base,
			);
			mainGroup = 725291F92BD15D4E00DB1EE3;
			productRefGroup = 725292032BD15D4E00DB1EE3 /* Products */;
			projectDirPath = "";
			projectRoot = "";
			targets = (
				725292012BD15D4E00DB1EE3 /* Emoji Art */,
			);
		};
/* End PBXProject section */

/* Begin PBXResourcesBuildPhase section */
		725292002BD15D4E00DB1EE3 /* Resources */ = {
			isa = PBXResourcesBuildPhase;
			buildActionMask = 2147483647;
			files = (
				7252920D2BD15D5300DB1EE3 /* Preview Assets.xcassets in Resources */,
				7252920A2BD15D5300DB1EE3 /* Assets.xcassets in Resources */,
			);
			runOnlyForDeploymentPostprocessing = 0;
		};
/* End PBXResourcesBuildPhase section */

/* Begin PBXSourcesBuildPhase section */
		725291FE2BD15D4E00DB1EE3 /* Sources */ = {
			isa = PBXSourcesBuildPhase;
			buildActionMask = 2147483647;
			files = (
				7252921E2BD1BAEA00DB1EE3 /* Sturldata.swift in Sources */,
				725292182BD1604800DB1EE3 /* EmojiArtDocumentView.swift in Sources */,
				7252921C2BD16D2500DB1EE3 /* Extensions.swift in Sources */,
				7231C0D92BD47428005892FA /* Pelette.swift in Sources */,
				7231C0DB2BD475F4005892FA /* PaletteStore.swift in Sources */,
				725292142BD15DEF00DB1EE3 /* EmojiArt.swift in Sources */,
				7231C0DF2BD5B121005892FA /* PaletteEditor.swift in Sources */,
				725292082BD15D4E00DB1EE3 /* ContentView.swift in Sources */,
				725292062BD15D4E00DB1EE3 /* Emoji_ArtApp.swift in Sources */,
				725292162BD15F0C00DB1EE3 /* EmojiArtDocument.swift in Sources */,
				7231C0DD2BD478E3005892FA /* PaletteChooser.swift in Sources */,
			);
			runOnlyForDeploymentPostprocessing = 0;
		};
/* End PBXSourcesBuildPhase section */

/* Begin XCBuildConfiguration section */
		7252920E2BD15D5300DB1EE3 /* Debug */ = {
			isa = XCBuildConfiguration;
			buildSettings = {
				ALWAYS_SEARCH_USER_PATHS = NO;
				ASSETCATALOG_COMPILER_GENERATE_SWIFT_ASSET_SYMBOL_EXTENSIONS = YES;
				CLANG_ANALYZER_NONNULL = YES;
				CLANG_ANALYZER_NUMBER_OBJECT_CONVERSION = YES_AGGRESSIVE;
				CLANG_CXX_LANGUAGE_STANDARD = "gnu++20";
				CLANG_ENABLE_MODULES = YES;
				CLANG_ENABLE_OBJC_ARC = YES;
				CLANG_ENABLE_OBJC_WEAK = YES;
				CLANG_WARN_BLOCK_CAPTURE_AUTORELEASING = YES;
				CLANG_WARN_BOOL_CONVERSION = YES;
				CLANG_WARN_COMMA = YES;
				CLANG_WARN_CONSTANT_CONVERSION = YES;
				CLANG_WARN_DEPRECATED_OBJC_IMPLEMENTATIONS = YES;
				CLANG_WARN_DIRECT_OBJC_ISA_USAGE = YES_ERROR;
				CLANG_WARN_DOCUMENTATION_COMMENTS = YES;
				CLANG_WARN_EMPTY_BODY = YES;
				CLANG_WARN_ENUM_CONVERSION = YES;
				CLANG_WARN_INFINITE_RECURSION = YES;
				CLANG_WARN_INT_CONVERSION = YES;
				CLANG_WARN_NON_LITERAL_NULL_CONVERSION = YES;
				CLANG_WARN_OBJC_IMPLICIT_RETAIN_SELF = YES;
				CLANG_WARN_OBJC_LITERAL_CONVERSION = YES;
				CLANG_WARN_OBJC_ROOT_CLASS = YES_ERROR;
				CLANG_WARN_QUOTED_INCLUDE_IN_FRAMEWORK_HEADER = YES;
				CLANG_WARN_RANGE_LOOP_ANALYSIS = YES;
				CLANG_WARN_STRICT_PROTOTYPES = YES;
				CLANG_WARN_SUSPICIOUS_MOVE = YES;
				CLANG_WARN_UNGUARDED_AVAILABILITY = YES_AGGRESSIVE;
				CLANG_WARN_UNREACHABLE_CODE = YES;
				CLANG_WARN__DUPLICATE_METHOD_MATCH = YES;
				COPY_PHASE_STRIP = NO;
				DEBUG_INFORMATION_FORMAT = dwarf;
				ENABLE_STRICT_OBJC_MSGSEND = YES;
				ENABLE_TESTABILITY = YES;
				ENABLE_USER_SCRIPT_SANDBOXING = YES;
				GCC_C_LANGUAGE_STANDARD = gnu17;
				GCC_DYNAMIC_NO_PIC = NO;
				GCC_NO_COMMON_BLOCKS = YES;
				GCC_OPTIMIZATION_LEVEL = 0;
				GCC_PREPROCESSOR_DEFINITIONS = (
					"DEBUG=1",
					"$(inherited)",
				);
				GCC_WARN_64_TO_32_BIT_CONVERSION = YES;
				GCC_WARN_ABOUT_RETURN_TYPE = YES_ERROR;
				GCC_WARN_UNDECLARED_SELECTOR = YES;
				GCC_WARN_UNINITIALIZED_AUTOS = YES_AGGRESSIVE;
				GCC_WARN_UNUSED_FUNCTION = YES;
				GCC_WARN_UNUSED_VARIABLE = YES;
				IPHONEOS_DEPLOYMENT_TARGET = 17.4;
				LOCALIZATION_PREFERS_STRING_CATALOGS = YES;
				MTL_ENABLE_DEBUG_INFO = INCLUDE_SOURCE;
				MTL_FAST_MATH = YES;
				ONLY_ACTIVE_ARCH = YES;
				SDKROOT = iphoneos;
				SWIFT_ACTIVE_COMPILATION_CONDITIONS = "DEBUG $(inherited)";
				SWIFT_OPTIMIZATION_LEVEL = "-Onone";
			};
			name = Debug;
		};
		7252920F2BD15D5300DB1EE3 /* Release */ = {
			isa = XCBuildConfiguration;
			buildSettings = {
				ALWAYS_SEARCH_USER_PATHS = NO;
				ASSETCATALOG_COMPILER_GENERATE_SWIFT_ASSET_SYMBOL_EXTENSIONS = YES;
				CLANG_ANALYZER_NONNULL = YES;
				CLANG_ANALYZER_NUMBER_OBJECT_CONVERSION = YES_AGGRESSIVE;
				CLANG_CXX_LANGUAGE_STANDARD = "gnu++20";
				CLANG_ENABLE_MODULES = YES;
				CLANG_ENABLE_OBJC_ARC = YES;
				CLANG_ENABLE_OBJC_WEAK = YES;
				CLANG_WARN_BLOCK_CAPTURE_AUTORELEASING = YES;
				CLANG_WARN_BOOL_CONVERSION = YES;
				CLANG_WARN_COMMA = YES;
				CLANG_WARN_CONSTANT_CONVERSION = YES;
				CLANG_WARN_DEPRECATED_OBJC_IMPLEMENTATIONS = YES;
				CLANG_WARN_DIRECT_OBJC_ISA_USAGE = YES_ERROR;
				CLANG_WARN_DOCUMENTATION_COMMENTS = YES;
				CLANG_WARN_EMPTY_BODY = YES;
				CLANG_WARN_ENUM_CONVERSION = YES;
				CLANG_WARN_INFINITE_RECURSION = YES;
				CLANG_WARN_INT_CONVERSION = YES;
				CLANG_WARN_NON_LITERAL_NULL_CONVERSION = YES;
				CLANG_WARN_OBJC_IMPLICIT_RETAIN_SELF = YES;
				CLANG_WARN_OBJC_LITERAL_CONVERSION = YES;
				CLANG_WARN_OBJC_ROOT_CLASS = YES_ERROR;
				CLANG_WARN_QUOTED_INCLUDE_IN_FRAMEWORK_HEADER = YES;
				CLANG_WARN_RANGE_LOOP_ANALYSIS = YES;
				CLANG_WARN_STRICT_PROTOTYPES = YES;
				CLANG_WARN_SUSPICIOUS_MOVE = YES;
				CLANG_WARN_UNGUARDED_AVAILABILITY = YES_AGGRESSIVE;
				CLANG_WARN_UNREACHABLE_CODE = YES;
				CLANG_WARN__DUPLICATE_METHOD_MATCH = YES;
				COPY_PHASE_STRIP = NO;
				DEBUG_INFORMATION_FORMAT = "dwarf-with-dsym";
				ENABLE_NS_ASSERTIONS = NO;
				ENABLE_STRICT_OBJC_MSGSEND = YES;
				ENABLE_USER_SCRIPT_SANDBOXING = YES;
				GCC_C_LANGUAGE_STANDARD = gnu17;
				GCC_NO_COMMON_BLOCKS = YES;
				GCC_WARN_64_TO_32_BIT_CONVERSION = YES;
				GCC_WARN_ABOUT_RETURN_TYPE = YES_ERROR;
				GCC_WARN_UNDECLARED_SELECTOR = YES;
				GCC_WARN_UNINITIALIZED_AUTOS = YES_AGGRESSIVE;
				GCC_WARN_UNUSED_FUNCTION = YES;
				GCC_WARN_UNUSED_VARIABLE = YES;
				IPHONEOS_DEPLOYMENT_TARGET = 17.4;
				LOCALIZATION_PREFERS_STRING_CATALOGS = YES;
				MTL_ENABLE_DEBUG_INFO = NO;
				MTL_FAST_MATH = YES;
				SDKROOT = iphoneos;
				SWIFT_COMPILATION_MODE = wholemodule;
				VALIDATE_PRODUCT = YES;
			};
			name = Release;
		};
		725292112BD15D5300DB1EE3 /* Debug */ = {
			isa = XCBuildConfiguration;
			buildSettings = {
				ASSETCATALOG_COMPILER_APPICON_NAME = AppIcon;
				ASSETCATALOG_COMPILER_GLOBAL_ACCENT_COLOR_NAME = AccentColor;
				CODE_SIGN_STYLE = Automatic;
				CURRENT_PROJECT_VERSION = 1;
				DEVELOPMENT_ASSET_PATHS = "\"Emoji Art/Preview Content\"";
				ENABLE_PREVIEWS = YES;
				GENERATE_INFOPLIST_FILE = YES;
				INFOPLIST_KEY_UIApplicationSceneManifest_Generation = YES;
				INFOPLIST_KEY_UIApplicationSupportsIndirectInputEvents = YES;
				INFOPLIST_KEY_UILaunchScreen_Generation = YES;
				INFOPLIST_KEY_UISupportedInterfaceOrientations_iPad = "UIInterfaceOrientationPortrait UIInterfaceOrientationPortraitUpsideDown UIInterfaceOrientationLandscapeLeft UIInterfaceOrientationLandscapeRight";
				INFOPLIST_KEY_UISupportedInterfaceOrientations_iPhone = "UIInterfaceOrientationPortrait UIInterfaceOrientationLandscapeLeft UIInterfaceOrientationLandscapeRight";
				LD_RUNPATH_SEARCH_PATHS = (
					"$(inherited)",
					"@executable_path/Frameworks",
				);
				MARKETING_VERSION = 1.0;
				PRODUCT_BUNDLE_IDENTIFIER = "com.sk.ns.Emoji-Art";
				PRODUCT_NAME = "$(TARGET_NAME)";
				SWIFT_EMIT_LOC_STRINGS = YES;
				SWIFT_VERSION = 5.0;
				TARGETED_DEVICE_FAMILY = "1,2";
			};
			name = Debug;
		};
		725292122BD15D5300DB1EE3 /* Release */ = {
			isa = XCBuildConfiguration;
			buildSettings = {
				ASSETCATALOG_COMPILER_APPICON_NAME = AppIcon;
				ASSETCATALOG_COMPILER_GLOBAL_ACCENT_COLOR_NAME = AccentColor;
				CODE_SIGN_STYLE = Automatic;
				CURRENT_PROJECT_VERSION = 1;
				DEVELOPMENT_ASSET_PATHS = "\"Emoji Art/Preview Content\"";
				ENABLE_PREVIEWS = YES;
				GENERATE_INFOPLIST_FILE = YES;
				INFOPLIST_KEY_UIApplicationSceneManifest_Generation = YES;
				INFOPLIST_KEY_UIApplicationSupportsIndirectInputEvents = YES;
				INFOPLIST_KEY_UILaunchScreen_Generation = YES;
				INFOPLIST_KEY_UISupportedInterfaceOrientations_iPad = "UIInterfaceOrientationPortrait UIInterfaceOrientationPortraitUpsideDown UIInterfaceOrientationLandscapeLeft UIInterfaceOrientationLandscapeRight";
				INFOPLIST_KEY_UISupportedInterfaceOrientations_iPhone = "UIInterfaceOrientationPortrait UIInterfaceOrientationLandscapeLeft UIInterfaceOrientationLandscapeRight";
				LD_RUNPATH_SEARCH_PATHS = (
					"$(inherited)",
					"@executable_path/Frameworks",
				);
				MARKETING_VERSION = 1.0;
				PRODUCT_BUNDLE_IDENTIFIER = "com.sk.ns.Emoji-Art";
				PRODUCT_NAME = "$(TARGET_NAME)";
				SWIFT_EMIT_LOC_STRINGS = YES;
				SWIFT_VERSION = 5.0;
				TARGETED_DEVICE_FAMILY = "1,2";
			};
			name = Release;
		};
/* End XCBuildConfiguration section */

/* Begin XCConfigurationList section */
		725291FD2BD15D4E00DB1EE3 /* Build configuration list for PBXProject "Emoji Art" */ = {
			isa = XCConfigurationList;
			buildConfigurations = (
				7252920E2BD15D5300DB1EE3 /* Debug */,
				7252920F2BD15D5300DB1EE3 /* Release */,
			);
			defaultConfigurationIsVisible = 0;
			defaultConfigurationName = Release;
		};
		725292102BD15D5300DB1EE3 /* Build configuration list for PBXNativeTarget "Emoji Art" */ = {
			isa = XCConfigurationList;
			buildConfigurations = (
				725292112BD15D5300DB1EE3 /* Debug */,
				725292122BD15D5300DB1EE3 /* Release */,
			);
			defaultConfigurationIsVisible = 0;
			defaultConfigurationName = Release;
		};
/* End XCConfigurationList section */
	};
	rootObject = 725291FA2BD15D4E00DB1EE3 /* Project object */;
}
